
Microsoft Visual Studio Solution File, Format Version 12.00
# Visual Studio Version 17
VisualStudioVersion = 17.9.34714.143
MinimumVisualStudioVersion = 10.0.40219.1
Project("{FAE04EC0-301F-11D3-BF4B-00C04F79EFBC}") = "NLog.Targets.KinesisFirehose", "NLog.Targets.KinesisFirehose\NLog.Targets.KinesisFirehose.csproj", "{ECA0D221-6FCD-4EF3-B9C5-8526B6D2E1E2}"
EndProject
Global
	GlobalSection(SolutionConfigurationPlatforms) = preSolution
		Debug|Any CPU = Debug|Any CPU
		Release|Any CPU = Release|Any CPU
	EndGlobalSection
	GlobalSection(ProjectConfigurationPlatforms) = postSolution
		{ECA0D221-6FCD-4EF3-B9C5-8526B6D2E1E2}.Debug|Any CPU.ActiveCfg = Debug|Any CPU
		{ECA0D221-6FCD-4EF3-B9C5-8526B6D2E1E2}.Debug|Any CPU.Build.0 = Debug|Any CPU
		{ECA0D221-6FCD-4EF3-B9C5-8526B6D2E1E2}.Release|Any CPU.ActiveCfg = Release|Any CPU
		{ECA0D221-6FCD-4EF3-B9C5-8526B6D2E1E2}.Release|Any CPU.Build.0 = Release|Any CPU
	EndGlobalSection
	GlobalSection(SolutionProperties) = preSolution
		HideSolutionNode = FALSE
	EndGlobalSection
	GlobalSection(ExtensibilityGlobals) = postSolution
		SolutionGuid = {983F2C46-03BF-406A-AD74-978D3BCD9EA0}
	EndGlobalSection
EndGlobal
